
Microsoft Visual Studio Solution File, Format Version 12.00
# Visual Studio Version 16
VisualStudioVersion = 16.0.30204.135
MinimumVisualStudioVersion = 10.0.40219.1
Project("{FAE04EC0-301F-11D3-BF4B-00C04F79EFBC}") = "Guns", "Guns\Guns.csproj", "{3F73D4CC-8E1C-4769-9157-833633D9928B}"
EndProject
Global
	GlobalSection(SolutionConfigurationPlatforms) = preSolution
		Debug|Any CPU = Debug|Any CPU
		Release|Any CPU = Release|Any CPU
	EndGlobalSection
	GlobalSection(ProjectConfigurationPlatforms) = postSolution
		{3F73D4CC-8E1C-4769-9157-833633D9928B}.Debug|Any CPU.ActiveCfg = Debug|Any CPU
		{3F73D4CC-8E1C-4769-9157-833633D9928B}.Debug|Any CPU.Build.0 = Debug|Any CPU
		{3F73D4CC-8E1C-4769-9157-833633D9928B}.Release|Any CPU.ActiveCfg = Release|Any CPU
		{3F73D4CC-8E1C-4769-9157-833633D9928B}.Release|Any CPU.Build.0 = Release|Any CPU
	EndGlobalSection
	GlobalSection(SolutionProperties) = preSolution
		HideSolutionNode = FALSE
	EndGlobalSection
	GlobalSection(ExtensibilityGlobals) = postSolution
		SolutionGuid = {033A4CAF-74A0-4342-ACC9-82E598AC2B57}
	EndGlobalSection
EndGlobal
